// !$*UTF8*$!
{
	archiveVersion = 1;
	classes = {
	};
	objectVersion = 46;
	objects = {

/* Begin PBXBuildFile section */
		1D60589B0D05DD56006BFB54 /* main.m in Sources */ = {isa = PBXBuildFile; fileRef = 29B97316FDCFA39411CA2CEA /* main.m */; };
		1D60589F0D05DD5A006BFB54 /* Foundation.framework in Frameworks */ = {isa = PBXBuildFile; fileRef = 1D30AB110D05D00D00671497 /* Foundation.framework */; };
		1DF5F4E00D08C38300B7A737 /* UIKit.framework in Frameworks */ = {isa = PBXBuildFile; fileRef = 1DF5F4DF0D08C38300B7A737 /* UIKit.framework */; };
		288765080DF74369002DB57D /* CoreGraphics.framework in Frameworks */ = {isa = PBXBuildFile; fileRef = 288765070DF74369002DB57D /* CoreGraphics.framework */; };
		28AD73880D9D96C1002E5188 /* MainWindow.xib in Resources */ = {isa = PBXBuildFile; fileRef = 28AD73870D9D96C1002E5188 /* MainWindow.xib */; };
		4C04AB4B103A0603000EE0A3 /* NotificationZoneView.m in Sources */ = {isa = PBXBuildFile; fileRef = 4C04AB4A103A0603000EE0A3 /* NotificationZoneView.m */; };
		4C04B49F1020BD53005EE11E /* BusAnnotationView.m in Sources */ = {isa = PBXBuildFile; fileRef = 4C04B49E1020BD53005EE11E /* BusAnnotationView.m */; };
		4C1157101077129300B1B978 /* BusOnMap_highlit.png in Resources */ = {isa = PBXBuildFile; fileRef = 4C11570E1077129300B1B978 /* BusOnMap_highlit.png */; };
		4C1157111077129300B1B978 /* BusOnMap.png in Resources */ = {isa = PBXBuildFile; fileRef = 4C11570F1077129300B1B978 /* BusOnMap.png */; };
		4C115715107712B700B1B978 /* Reticle.png in Resources */ = {isa = PBXBuildFile; fileRef = 4C115714107712B700B1B978 /* Reticle.png */; };
		4C28745D10AD26DF008BE73C /* FavoriteRoutesView.xib in Resources */ = {isa = PBXBuildFile; fileRef = 4C28745C10AD26DF008BE73C /* FavoriteRoutesView.xib */; };
		4C28746310AD2772008BE73C /* FavoriteRoutesViewController.m in Sources */ = {isa = PBXBuildFile; fileRef = 4C28746210AD2772008BE73C /* FavoriteRoutesViewController.m */; };
		4C44B12910C9C92700D25947 /* Utils.m in Sources */ = {isa = PBXBuildFile; fileRef = 4C44B12810C9C92700D25947 /* Utils.m */; };
		4C44B3FD10D03E7900D25947 /* TransitScope.png in Resources */ = {isa = PBXBuildFile; fileRef = 4C44B3FC10D03E7900D25947 /* TransitScope.png */; };
		4C50D91910BB855600FDC305 /* AdvisoriesPageController.m in Sources */ = {isa = PBXBuildFile; fileRef = 4C50D91710BB855600FDC305 /* AdvisoriesPageController.m */; };
		4C50D91A10BB855600FDC305 /* AdvisoriesPageController.xib in Resources */ = {isa = PBXBuildFile; fileRef = 4C50D91810BB855600FDC305 /* AdvisoriesPageController.xib */; };
		4C50D99610BD01F600FDC305 /* GoBack.png in Resources */ = {isa = PBXBuildFile; fileRef = 4C50D99510BD01F600FDC305 /* GoBack.png */; };
		4C50D9E710BDBFF200FDC305 /* AgencyPageController.m in Sources */ = {isa = PBXBuildFile; fileRef = 4C50D9E610BDBFF200FDC305 /* AgencyPageController.m */; };
		4C573B951035FBC2003DF446 /* BusDetailViewController.m in Sources */ = {isa = PBXBuildFile; fileRef = 4C573B931035FBC2003DF446 /* BusDetailViewController.m */; };
		4C573C08103604C5003DF446 /* Localizable.strings in Resources */ = {isa = PBXBuildFile; fileRef = 4C573C07103604C5003DF446 /* Localizable.strings */; };
		4C573D2F10361AF0003DF446 /* RouteDetailController.m in Sources */ = {isa = PBXBuildFile; fileRef = 4C573D2D10361AF0003DF446 /* RouteDetailController.m */; };
		4C6AD69D103E26DD00C40E3F /* Route.m in Sources */ = {isa = PBXBuildFile; fileRef = 4C6AD69C103E26DD00C40E3F /* Route.m */; };
		4C73411E10AE1A88004819FC /* SoapFunction.m in Sources */ = {isa = PBXBuildFile; fileRef = 4C73411C10AE1A88004819FC /* SoapFunction.m */; };
		4C73411F10AE1A88004819FC /* XPathQuery.m in Sources */ = {isa = PBXBuildFile; fileRef = 4C73411D10AE1A88004819FC /* XPathQuery.m */; };
		4C7344D110B0E968004819FC /* TimetablesPageController.m in Sources */ = {isa = PBXBuildFile; fileRef = 4C7344CF10B0E968004819FC /* TimetablesPageController.m */; };
		4C7344D210B0E968004819FC /* TimetablesPageController.xib in Resources */ = {isa = PBXBuildFile; fileRef = 4C7344D010B0E968004819FC /* TimetablesPageController.xib */; };
		4C7347A110B37504004819FC /* Bus.m in Sources */ = {isa = PBXBuildFile; fileRef = 4C73479F10B37504004819FC /* Bus.m */; };
		4C7347C910B378B2004819FC /* Annotation.m in Sources */ = {isa = PBXBuildFile; fileRef = 4C7347C810B378B2004819FC /* Annotation.m */; };
		4C7587E11086350300521D69 /* SLTMapView.m in Sources */ = {isa = PBXBuildFile; fileRef = 4C7587E01086350300521D69 /* SLTMapView.m */; };
		4C86964A10C706E8007E7545 /* RouteSettings.png in Resources */ = {isa = PBXBuildFile; fileRef = 4C86964910C706E8007E7545 /* RouteSettings.png */; };
		4CBE6E191006C152007C26A4 /* SLTAnnotationView.m in Sources */ = {isa = PBXBuildFile; fileRef = 4CBE6E181006C152007C26A4 /* SLTAnnotationView.m */; };
		4CBE6E491006C1C6007C26A4 /* MapKit.framework in Frameworks */ = {isa = PBXBuildFile; fileRef = 4CBE6E451006C1C6007C26A4 /* MapKit.framework */; };
		4CBE6E4B1006C1C6007C26A4 /* CoreLocation.framework in Frameworks */ = {isa = PBXBuildFile; fileRef = 4CBE6E471006C1C6007C26A4 /* CoreLocation.framework */; };
		4CBE718F100A4C39007C26A4 /* MapViewController.m in Sources */ = {isa = PBXBuildFile; fileRef = 4CBE718B100A4C39007C26A4 /* MapViewController.m */; };
		4CBE7190100A4C39007C26A4 /* SeattleLiveTransitAppDelegate.m in Sources */ = {isa = PBXBuildFile; fileRef = 4CBE718E100A4C39007C26A4 /* SeattleLiveTransitAppDelegate.m */; };
		4CBE71BD100A4EB4007C26A4 /* BusInfoCollector.m in Sources */ = {isa = PBXBuildFile; fileRef = 4CBE71BC100A4EB4007C26A4 /* BusInfoCollector.m */; };
		4CCEF988101BAE2500EEBB32 /* MapView.xib in Resources */ = {isa = PBXBuildFile; fileRef = 4CCEF987101BAE2500EEBB32 /* MapView.xib */; };
		4CE5929F10220BDC0059C300 /* NSUserDefaults+MKCoordinateRegion.m in Sources */ = {isa = PBXBuildFile; fileRef = 4CE5929E10220BDC0059C300 /* NSUserDefaults+MKCoordinateRegion.m */; };
		4CF92166109A30D00019F80A /* RouteViewPreferencesView.xib in Resources */ = {isa = PBXBuildFile; fileRef = 4CF92163109A30D00019F80A /* RouteViewPreferencesView.xib */; };
		4CF92167109A30D00019F80A /* RouteViewPreferencesViewController.m in Sources */ = {isa = PBXBuildFile; fileRef = 4CF92165109A30D00019F80A /* RouteViewPreferencesViewController.m */; };
		4CF927C7109F5C400019F80A /* BusMenuIcon.png in Resources */ = {isa = PBXBuildFile; fileRef = 4CF927C6109F5C400019F80A /* BusMenuIcon.png */; };
		4CF927D3109F638C0019F80A /* RoutesMenuIcon.png in Resources */ = {isa = PBXBuildFile; fileRef = 4CF927D2109F638C0019F80A /* RoutesMenuIcon.png */; };
		4CF927DD109F63EC0019F80A /* SettingsMenuIcon.png in Resources */ = {isa = PBXBuildFile; fileRef = 4CF927DC109F63EC0019F80A /* SettingsMenuIcon.png */; };
/* End PBXBuildFile section */

/* Begin PBXFileReference section */
		1D30AB110D05D00D00671497 /* Foundation.framework */ = {isa = PBXFileReference; lastKnownFileType = wrapper.framework; name = Foundation.framework; path = System/Library/Frameworks/Foundation.framework; sourceTree = SDKROOT; };
		1D6058910D05DD3D006BFB54 /* TransitScope.app */ = {isa = PBXFileReference; explicitFileType = wrapper.application; includeInIndex = 0; path = TransitScope.app; sourceTree = BUILT_PRODUCTS_DIR; };
		1DF5F4DF0D08C38300B7A737 /* UIKit.framework */ = {isa = PBXFileReference; lastKnownFileType = wrapper.framework; name = UIKit.framework; path = System/Library/Frameworks/UIKit.framework; sourceTree = SDKROOT; };
		288765070DF74369002DB57D /* CoreGraphics.framework */ = {isa = PBXFileReference; lastKnownFileType = wrapper.framework; name = CoreGraphics.framework; path = System/Library/Frameworks/CoreGraphics.framework; sourceTree = SDKROOT; };
		28A0AB4B0D9B1048005BE974 /* SeattleLiveTransit_Prefix.pch */ = {isa = PBXFileReference; fileEncoding = 4; lastKnownFileType = sourcecode.c.h; path = SeattleLiveTransit_Prefix.pch; sourceTree = "<group>"; };
		28AD73870D9D96C1002E5188 /* MainWindow.xib */ = {isa = PBXFileReference; lastKnownFileType = file.xib; path = MainWindow.xib; sourceTree = "<group>"; };
		29B97316FDCFA39411CA2CEA /* main.m */ = {isa = PBXFileReference; fileEncoding = 4; lastKnownFileType = sourcecode.c.objc; path = main.m; sourceTree = "<group>"; };
		4C04AB49103A0603000EE0A3 /* NotificationZoneView.h */ = {isa = PBXFileReference; fileEncoding = 4; lastKnownFileType = sourcecode.c.h; path = NotificationZoneView.h; sourceTree = "<group>"; };
		4C04AB4A103A0603000EE0A3 /* NotificationZoneView.m */ = {isa = PBXFileReference; fileEncoding = 4; lastKnownFileType = sourcecode.c.objc; path = NotificationZoneView.m; sourceTree = "<group>"; };
		4C04B49D1020BD53005EE11E /* BusAnnotationView.h */ = {isa = PBXFileReference; fileEncoding = 4; lastKnownFileType = sourcecode.c.h; path = BusAnnotationView.h; sourceTree = "<group>"; };
		4C04B49E1020BD53005EE11E /* BusAnnotationView.m */ = {isa = PBXFileReference; fileEncoding = 4; lastKnownFileType = sourcecode.c.objc; path = BusAnnotationView.m; sourceTree = "<group>"; };
		4C11570E1077129300B1B978 /* BusOnMap_highlit.png */ = {isa = PBXFileReference; lastKnownFileType = image.png; path = BusOnMap_highlit.png; sourceTree = "<group>"; };
		4C11570F1077129300B1B978 /* BusOnMap.png */ = {isa = PBXFileReference; lastKnownFileType = image.png; path = BusOnMap.png; sourceTree = "<group>"; };
		4C115714107712B700B1B978 /* Reticle.png */ = {isa = PBXFileReference; lastKnownFileType = image.png; path = Reticle.png; sourceTree = "<group>"; };
		4C28745C10AD26DF008BE73C /* FavoriteRoutesView.xib */ = {isa = PBXFileReference; lastKnownFileType = file.xib; path = FavoriteRoutesView.xib; sourceTree = "<group>"; };
		4C28746110AD2772008BE73C /* FavoriteRoutesViewController.h */ = {isa = PBXFileReference; fileEncoding = 4; lastKnownFileType = sourcecode.c.h; path = FavoriteRoutesViewController.h; sourceTree = "<group>"; };
		4C28746210AD2772008BE73C /* FavoriteRoutesViewController.m */ = {isa = PBXFileReference; fileEncoding = 4; lastKnownFileType = sourcecode.c.objc; path = FavoriteRoutesViewController.m; sourceTree = "<group>"; };
		4C44B12710C9C92700D25947 /* Utils.h */ = {isa = PBXFileReference; fileEncoding = 4; lastKnownFileType = sourcecode.c.h; path = Utils.h; sourceTree = "<group>"; };
		4C44B12810C9C92700D25947 /* Utils.m */ = {isa = PBXFileReference; fileEncoding = 4; lastKnownFileType = sourcecode.c.objc; path = Utils.m; sourceTree = "<group>"; };
		4C44B3FC10D03E7900D25947 /* TransitScope.png */ = {isa = PBXFileReference; lastKnownFileType = image.png; path = TransitScope.png; sourceTree = "<group>"; };
		4C50D91610BB855600FDC305 /* AdvisoriesPageController.h */ = {isa = PBXFileReference; fileEncoding = 4; lastKnownFileType = sourcecode.c.h; path = AdvisoriesPageController.h; sourceTree = "<group>"; };
		4C50D91710BB855600FDC305 /* AdvisoriesPageController.m */ = {isa = PBXFileReference; fileEncoding = 4; lastKnownFileType = sourcecode.c.objc; path = AdvisoriesPageController.m; sourceTree = "<group>"; };
		4C50D91810BB855600FDC305 /* AdvisoriesPageController.xib */ = {isa = PBXFileReference; lastKnownFileType = file.xib; path = AdvisoriesPageController.xib; sourceTree = "<group>"; };
		4C50D99510BD01F600FDC305 /* GoBack.png */ = {isa = PBXFileReference; lastKnownFileType = image.png; path = GoBack.png; sourceTree = "<group>"; };
		4C50D9E510BDBFF200FDC305 /* AgencyPageController.h */ = {isa = PBXFileReference; fileEncoding = 4; lastKnownFileType = sourcecode.c.h; path = AgencyPageController.h; sourceTree = "<group>"; };
		4C50D9E610BDBFF200FDC305 /* AgencyPageController.m */ = {isa = PBXFileReference; fileEncoding = 4; lastKnownFileType = sourcecode.c.objc; path = AgencyPageController.m; sourceTree = "<group>"; };
		4C573B921035FBC2003DF446 /* BusDetailViewController.h */ = {isa = PBXFileReference; fileEncoding = 4; lastKnownFileType = sourcecode.c.h; path = BusDetailViewController.h; sourceTree = "<group>"; };
		4C573B931035FBC2003DF446 /* BusDetailViewController.m */ = {isa = PBXFileReference; fileEncoding = 4; lastKnownFileType = sourcecode.c.objc; path = BusDetailViewController.m; sourceTree = "<group>"; };
		4C573C07103604C5003DF446 /* Localizable.strings */ = {isa = PBXFileReference; fileEncoding = 10; lastKnownFileType = text.plist.strings; path = Localizable.strings; sourceTree = "<group>"; };
		4C573D2C10361AF0003DF446 /* RouteDetailController.h */ = {isa = PBXFileReference; fileEncoding = 4; lastKnownFileType = sourcecode.c.h; path = RouteDetailController.h; sourceTree = "<group>"; };
		4C573D2D10361AF0003DF446 /* RouteDetailController.m */ = {isa = PBXFileReference; fileEncoding = 4; lastKnownFileType = sourcecode.c.objc; path = RouteDetailController.m; sourceTree = "<group>"; };
		4C6AD69B103E26DD00C40E3F /* Route.h */ = {isa = PBXFileReference; fileEncoding = 4; lastKnownFileType = sourcecode.c.h; path = Route.h; sourceTree = "<group>"; };
		4C6AD69C103E26DD00C40E3F /* Route.m */ = {isa = PBXFileReference; fileEncoding = 4; lastKnownFileType = sourcecode.c.objc; path = Route.m; sourceTree = "<group>"; };
		4C73411C10AE1A88004819FC /* SoapFunction.m */ = {isa = PBXFileReference; fileEncoding = 4; lastKnownFileType = sourcecode.c.objc; name = SoapFunction.m; path = ../../SoapSupportLib/SoapFunction.m; sourceTree = SOURCE_ROOT; };
		4C73411D10AE1A88004819FC /* XPathQuery.m */ = {isa = PBXFileReference; fileEncoding = 4; lastKnownFileType = sourcecode.c.objc; name = XPathQuery.m; path = ../../SoapSupportLib/XPathQuery.m; sourceTree = SOURCE_ROOT; };
		4C73412010AE1ABC004819FC /* SoapFunction.h */ = {isa = PBXFileReference; fileEncoding = 4; lastKnownFileType = sourcecode.c.h; name = SoapFunction.h; path = ../../SoapSupportLib/Headers/SoapFunction.h; sourceTree = SOURCE_ROOT; };
		4C73412110AE1ABC004819FC /* XPathQuery.h */ = {isa = PBXFileReference; fileEncoding = 4; lastKnownFileType = sourcecode.c.h; name = XPathQuery.h; path = ../../SoapSupportLib/Headers/XPathQuery.h; sourceTree = SOURCE_ROOT; };
		4C7344CE10B0E968004819FC /* TimetablesPageController.h */ = {isa = PBXFileReference; fileEncoding = 4; lastKnownFileType = sourcecode.c.h; path = TimetablesPageController.h; sourceTree = "<group>"; };
		4C7344CF10B0E968004819FC /* TimetablesPageController.m */ = {isa = PBXFileReference; fileEncoding = 4; lastKnownFileType = sourcecode.c.objc; path = TimetablesPageController.m; sourceTree = "<group>"; };
		4C7344D010B0E968004819FC /* TimetablesPageController.xib */ = {isa = PBXFileReference; lastKnownFileType = file.xib; path = TimetablesPageController.xib; sourceTree = "<group>"; };
		4C73479E10B37504004819FC /* Bus.h */ = {isa = PBXFileReference; fileEncoding = 4; lastKnownFileType = sourcecode.c.h; path = Bus.h; sourceTree = "<group>"; };
		4C73479F10B37504004819FC /* Bus.m */ = {isa = PBXFileReference; fileEncoding = 4; lastKnownFileType = sourcecode.c.objc; path = Bus.m; sourceTree = "<group>"; };
		4C7347C710B378B2004819FC /* Annotation.h */ = {isa = PBXFileReference; fileEncoding = 4; lastKnownFileType = sourcecode.c.h; path = Annotation.h; sourceTree = "<group>"; };
		4C7347C810B378B2004819FC /* Annotation.m */ = {isa = PBXFileReference; fileEncoding = 4; lastKnownFileType = sourcecode.c.objc; path = Annotation.m; sourceTree = "<group>"; };
		4C7587DF1086350300521D69 /* SLTMapView.h */ = {isa = PBXFileReference; fileEncoding = 4; lastKnownFileType = sourcecode.c.h; path = SLTMapView.h; sourceTree = "<group>"; };
		4C7587E01086350300521D69 /* SLTMapView.m */ = {isa = PBXFileReference; fileEncoding = 4; lastKnownFileType = sourcecode.c.objc; path = SLTMapView.m; sourceTree = "<group>"; };
		4C758A7E1087A66600521D69 /* BusInfoCollectionOwner.h */ = {isa = PBXFileReference; fileEncoding = 4; lastKnownFileType = sourcecode.c.h; path = BusInfoCollectionOwner.h; sourceTree = "<group>"; };
		4C86964910C706E8007E7545 /* RouteSettings.png */ = {isa = PBXFileReference; lastKnownFileType = image.png; path = RouteSettings.png; sourceTree = "<group>"; };
		4CBE6E171006C152007C26A4 /* SLTAnnotationView.h */ = {isa = PBXFileReference; fileEncoding = 4; lastKnownFileType = sourcecode.c.h; path = SLTAnnotationView.h; sourceTree = "<group>"; };
		4CBE6E181006C152007C26A4 /* SLTAnnotationView.m */ = {isa = PBXFileReference; fileEncoding = 4; lastKnownFileType = sourcecode.c.objc; path = SLTAnnotationView.m; sourceTree = "<group>"; };
		4CBE6E451006C1C6007C26A4 /* MapKit.framework */ = {isa = PBXFileReference; lastKnownFileType = wrapper.framework; name = MapKit.framework; path = System/Library/Frameworks/MapKit.framework; sourceTree = SDKROOT; };
		4CBE6E471006C1C6007C26A4 /* CoreLocation.framework */ = {isa = PBXFileReference; lastKnownFileType = wrapper.framework; name = CoreLocation.framework; path = System/Library/Frameworks/CoreLocation.framework; sourceTree = SDKROOT; };
		4CBE718B100A4C39007C26A4 /* MapViewController.m */ = {isa = PBXFileReference; fileEncoding = 4; lastKnownFileType = sourcecode.c.objc; path = MapViewController.m; sourceTree = "<group>"; };
		4CBE718C100A4C39007C26A4 /* MapViewController.h */ = {isa = PBXFileReference; fileEncoding = 4; lastKnownFileType = sourcecode.c.h; path = MapViewController.h; sourceTree = "<group>"; };
		4CBE718D100A4C39007C26A4 /* SeattleLiveTransitAppDelegate.h */ = {isa = PBXFileReference; fileEncoding = 4; lastKnownFileType = sourcecode.c.h; path = SeattleLiveTransitAppDelegate.h; sourceTree = "<group>"; };
		4CBE718E100A4C39007C26A4 /* SeattleLiveTransitAppDelegate.m */ = {isa = PBXFileReference; fileEncoding = 4; lastKnownFileType = sourcecode.c.objc; path = SeattleLiveTransitAppDelegate.m; sourceTree = "<group>"; };
		4CBE71BB100A4EB4007C26A4 /* BusInfoCollector.h */ = {isa = PBXFileReference; fileEncoding = 4; lastKnownFileType = sourcecode.c.h; path = BusInfoCollector.h; sourceTree = "<group>"; };
		4CBE71BC100A4EB4007C26A4 /* BusInfoCollector.m */ = {isa = PBXFileReference; fileEncoding = 4; lastKnownFileType = sourcecode.c.objc; path = BusInfoCollector.m; sourceTree = "<group>"; };
		4CCEF987101BAE2500EEBB32 /* MapView.xib */ = {isa = PBXFileReference; lastKnownFileType = file.xib; path = MapView.xib; sourceTree = "<group>"; };
		4CE5929D10220BDC0059C300 /* NSUserDefaults+MKCoordinateRegion.h */ = {isa = PBXFileReference; fileEncoding = 4; lastKnownFileType = sourcecode.c.h; path = "NSUserDefaults+MKCoordinateRegion.h"; sourceTree = "<group>"; };
		4CE5929E10220BDC0059C300 /* NSUserDefaults+MKCoordinateRegion.m */ = {isa = PBXFileReference; fileEncoding = 4; lastKnownFileType = sourcecode.c.objc; path = "NSUserDefaults+MKCoordinateRegion.m"; sourceTree = "<group>"; };
		4CE59D881031F0EB0059C300 /* Model.h */ = {isa = PBXFileReference; fileEncoding = 4; lastKnownFileType = sourcecode.c.h; path = Model.h; sourceTree = "<group>"; };
		4CF92163109A30D00019F80A /* RouteViewPreferencesView.xib */ = {isa = PBXFileReference; lastKnownFileType = file.xib; path = RouteViewPreferencesView.xib; sourceTree = "<group>"; };
		4CF92164109A30D00019F80A /* RouteViewPreferencesViewController.h */ = {isa = PBXFileReference; fileEncoding = 4; lastKnownFileType = sourcecode.c.h; path = RouteViewPreferencesViewController.h; sourceTree = "<group>"; };
		4CF92165109A30D00019F80A /* RouteViewPreferencesViewController.m */ = {isa = PBXFileReference; fileEncoding = 4; lastKnownFileType = sourcecode.c.objc; path = RouteViewPreferencesViewController.m; sourceTree = "<group>"; };
		4CF927C6109F5C400019F80A /* BusMenuIcon.png */ = {isa = PBXFileReference; lastKnownFileType = image.png; path = BusMenuIcon.png; sourceTree = "<group>"; };
		4CF927D2109F638C0019F80A /* RoutesMenuIcon.png */ = {isa = PBXFileReference; lastKnownFileType = image.png; path = RoutesMenuIcon.png; sourceTree = "<group>"; };
		4CF927DC109F63EC0019F80A /* SettingsMenuIcon.png */ = {isa = PBXFileReference; lastKnownFileType = image.png; path = SettingsMenuIcon.png; sourceTree = "<group>"; };
		8D1107310486CEB800E47090 /* SeattleLiveTransit-Info.plist */ = {isa = PBXFileReference; fileEncoding = 4; lastKnownFileType = text.plist.xml; path = "SeattleLiveTransit-Info.plist"; plistStructureDefinitionIdentifier = "com.apple.xcode.plist.structure-definition.iphone.info-plist"; sourceTree = "<group>"; };
/* End PBXFileReference section */

/* Begin PBXFrameworksBuildPhase section */
		1D60588F0D05DD3D006BFB54 /* Frameworks */ = {
			isa = PBXFrameworksBuildPhase;
			buildActionMask = 2147483647;
			files = (
				1D60589F0D05DD5A006BFB54 /* Foundation.framework in Frameworks */,
				1DF5F4E00D08C38300B7A737 /* UIKit.framework in Frameworks */,
				288765080DF74369002DB57D /* CoreGraphics.framework in Frameworks */,
				4CBE6E491006C1C6007C26A4 /* MapKit.framework in Frameworks */,
				4CBE6E4B1006C1C6007C26A4 /* CoreLocation.framework in Frameworks */,
			);
			runOnlyForDeploymentPostprocessing = 0;
		};
/* End PBXFrameworksBuildPhase section */

/* Begin PBXGroup section */
		19C28FACFE9D520D11CA2CBB /* Products */ = {
			isa = PBXGroup;
			children = (
				1D6058910D05DD3D006BFB54 /* TransitScope.app */,
			);
			name = Products;
			sourceTree = "<group>";
		};
		29B97314FDCFA39411CA2CEA /* BusDetector-Seattle */ = {
			isa = PBXGroup;
			children = (
				4CBE6E0C1006C133007C26A4 /* Model */,
				4CBE7185100A4C1C007C26A4 /* Controllers */,
				4CBE6E161006C152007C26A4 /* Views */,
				4CDBCC4F10826EAC00E9EF0F /* Data Collection */,
				29B97315FDCFA39411CA2CEA /* Other Sources */,
				29B97317FDCFA39411CA2CEA /* Resources */,
				29B97323FDCFA39411CA2CEA /* Frameworks */,
				19C28FACFE9D520D11CA2CBB /* Products */,
			);
			name = "BusDetector-Seattle";
			sourceTree = "<group>";
		};
		29B97315FDCFA39411CA2CEA /* Other Sources */ = {
			isa = PBXGroup;
			children = (
				4CBE718D100A4C39007C26A4 /* SeattleLiveTransitAppDelegate.h */,
				4CBE718E100A4C39007C26A4 /* SeattleLiveTransitAppDelegate.m */,
				4C44B12710C9C92700D25947 /* Utils.h */,
				4C44B12810C9C92700D25947 /* Utils.m */,
				4CE5929D10220BDC0059C300 /* NSUserDefaults+MKCoordinateRegion.h */,
				4CE5929E10220BDC0059C300 /* NSUserDefaults+MKCoordinateRegion.m */,
				28A0AB4B0D9B1048005BE974 /* SeattleLiveTransit_Prefix.pch */,
				29B97316FDCFA39411CA2CEA /* main.m */,
			);
			name = "Other Sources";
			sourceTree = "<group>";
		};
		29B97317FDCFA39411CA2CEA /* Resources */ = {
			isa = PBXGroup;
			children = (
				4C44B3FC10D03E7900D25947 /* TransitScope.png */,
				4C50D99510BD01F600FDC305 /* GoBack.png */,
				4CF927C6109F5C400019F80A /* BusMenuIcon.png */,
				4CF927D2109F638C0019F80A /* RoutesMenuIcon.png */,
				4CF927DC109F63EC0019F80A /* SettingsMenuIcon.png */,
				4C573C07103604C5003DF446 /* Localizable.strings */,
				28AD73870D9D96C1002E5188 /* MainWindow.xib */,
				4C115714107712B700B1B978 /* Reticle.png */,
				4C86964910C706E8007E7545 /* RouteSettings.png */,
				4C11570E1077129300B1B978 /* BusOnMap_highlit.png */,
				4C11570F1077129300B1B978 /* BusOnMap.png */,
				8D1107310486CEB800E47090 /* SeattleLiveTransit-Info.plist */,
			);
			name = Resources;
			sourceTree = "<group>";
		};
		29B97323FDCFA39411CA2CEA /* Frameworks */ = {
			isa = PBXGroup;
			children = (
				1D30AB110D05D00D00671497 /* Foundation.framework */,
				1DF5F4DF0D08C38300B7A737 /* UIKit.framework */,
				4CBE6E451006C1C6007C26A4 /* MapKit.framework */,
				4CBE6E471006C1C6007C26A4 /* CoreLocation.framework */,
				1DF5F4DF0D08C38300B7A737 /* UIKit.framework */,
				288765070DF74369002DB57D /* CoreGraphics.framework */,
			);
			name = Frameworks;
			sourceTree = "<group>";
		};
		4C04B4AA1020BF12005EE11E /* Map Tab */ = {
			isa = PBXGroup;
			children = (
				4CBE718C100A4C39007C26A4 /* MapViewController.h */,
				4CBE718B100A4C39007C26A4 /* MapViewController.m */,
				4CCEF987101BAE2500EEBB32 /* MapView.xib */,
			);
			name = "Map Tab";
			sourceTree = "<group>";
		};
		4C44B36910CECE5C00D25947 /* Routes Tab */ = {
			isa = PBXGroup;
			children = (
				4C28746110AD2772008BE73C /* FavoriteRoutesViewController.h */,
				4C28746210AD2772008BE73C /* FavoriteRoutesViewController.m */,
				4C28745C10AD26DF008BE73C /* FavoriteRoutesView.xib */,
				4CF92164109A30D00019F80A /* RouteViewPreferencesViewController.h */,
				4CF92165109A30D00019F80A /* RouteViewPreferencesViewController.m */,
				4CF92163109A30D00019F80A /* RouteViewPreferencesView.xib */,
			);
			name = "Routes Tab";
			sourceTree = "<group>";
		};
		4C44B36C10CECEE100D25947 /* Web Views */ = {
			isa = PBXGroup;
			children = (
				4C7344CE10B0E968004819FC /* TimetablesPageController.h */,
				4C7344CF10B0E968004819FC /* TimetablesPageController.m */,
				4C7344D010B0E968004819FC /* TimetablesPageController.xib */,
				4C50D91610BB855600FDC305 /* AdvisoriesPageController.h */,
				4C50D9E510BDBFF200FDC305 /* AgencyPageController.h */,
				4C50D9E610BDBFF200FDC305 /* AgencyPageController.m */,
				4C50D91710BB855600FDC305 /* AdvisoriesPageController.m */,
				4C50D91810BB855600FDC305 /* AdvisoriesPageController.xib */,
			);
			name = "Web Views";
			sourceTree = "<group>";
		};
		4C73411B10AE1A47004819FC /* Soap Library */ = {
			isa = PBXGroup;
			children = (
				4C73412010AE1ABC004819FC /* SoapFunction.h */,
				4C73412110AE1ABC004819FC /* XPathQuery.h */,
				4C73411C10AE1A88004819FC /* SoapFunction.m */,
				4C73411D10AE1A88004819FC /* XPathQuery.m */,
			);
			name = "Soap Library";
			sourceTree = "<group>";
		};
		4CBE6E0C1006C133007C26A4 /* Model */ = {
			isa = PBXGroup;
			children = (
				4CE59D881031F0EB0059C300 /* Model.h */,
				4C7347C710B378B2004819FC /* Annotation.h */,
				4C7347C810B378B2004819FC /* Annotation.m */,
				4C73479E10B37504004819FC /* Bus.h */,
				4C73479F10B37504004819FC /* Bus.m */,
				4C6AD69B103E26DD00C40E3F /* Route.h */,
				4C6AD69C103E26DD00C40E3F /* Route.m */,
			);
			name = Model;
			sourceTree = "<group>";
		};
		4CBE6E161006C152007C26A4 /* Views */ = {
			isa = PBXGroup;
			children = (
				4CBE6E171006C152007C26A4 /* SLTAnnotationView.h */,
				4CBE6E181006C152007C26A4 /* SLTAnnotationView.m */,
				4C04B49D1020BD53005EE11E /* BusAnnotationView.h */,
				4C04B49E1020BD53005EE11E /* BusAnnotationView.m */,
				4C04AB49103A0603000EE0A3 /* NotificationZoneView.h */,
				4C04AB4A103A0603000EE0A3 /* NotificationZoneView.m */,
				4C7587DF1086350300521D69 /* SLTMapView.h */,
				4C7587E01086350300521D69 /* SLTMapView.m */,
			);
			name = Views;
			sourceTree = "<group>";
		};
		4CBE7185100A4C1C007C26A4 /* Controllers */ = {
			isa = PBXGroup;
			children = (
				4C04B4AA1020BF12005EE11E /* Map Tab */,
				4C44B36910CECE5C00D25947 /* Routes Tab */,
				4C44B36C10CECEE100D25947 /* Web Views */,
				4C573B921035FBC2003DF446 /* BusDetailViewController.h */,
				4C573B931035FBC2003DF446 /* BusDetailViewController.m */,
				4C573D2C10361AF0003DF446 /* RouteDetailController.h */,
				4C573D2D10361AF0003DF446 /* RouteDetailController.m */,
			);
			name = Controllers;
			sourceTree = "<group>";
		};
		4CDBCC4F10826EAC00E9EF0F /* Data Collection */ = {
			isa = PBXGroup;
			children = (
				4CBE71BB100A4EB4007C26A4 /* BusInfoCollector.h */,
				4CBE71BC100A4EB4007C26A4 /* BusInfoCollector.m */,
				4C758A7E1087A66600521D69 /* BusInfoCollectionOwner.h */,
				4C73411B10AE1A47004819FC /* Soap Library */,
			);
			name = "Data Collection";
			sourceTree = "<group>";
		};
/* End PBXGroup section */

/* Begin PBXNativeTarget section */
		1D6058900D05DD3D006BFB54 /* TransitScope */ = {
			isa = PBXNativeTarget;
			buildConfigurationList = 1D6058960D05DD3E006BFB54 /* Build configuration list for PBXNativeTarget "TransitScope" */;
			buildPhases = (
				1D60588D0D05DD3D006BFB54 /* Resources */,
				1D60588E0D05DD3D006BFB54 /* Sources */,
				1D60588F0D05DD3D006BFB54 /* Frameworks */,
			);
			buildRules = (
			);
			dependencies = (
			);
			name = TransitScope;
			productName = "BusDetector-Seattle";
			productReference = 1D6058910D05DD3D006BFB54 /* TransitScope.app */;
			productType = "com.apple.product-type.application";
		};
/* End PBXNativeTarget section */

/* Begin PBXProject section */
		29B97313FDCFA39411CA2CEA /* Project object */ = {
			isa = PBXProject;
			buildConfigurationList = C01FCF4E08A954540054247B /* Build configuration list for PBXProject "SeattleLiveTransit" */;
			compatibilityVersion = "Xcode 3.2";
			hasScannedForEncodings = 1;
			mainGroup = 29B97314FDCFA39411CA2CEA /* BusDetector-Seattle */;
			projectDirPath = "";
			projectRoot = "";
			targets = (
				1D6058900D05DD3D006BFB54 /* TransitScope */,
			);
		};
/* End PBXProject section */

/* Begin PBXResourcesBuildPhase section */
		1D60588D0D05DD3D006BFB54 /* Resources */ = {
			isa = PBXResourcesBuildPhase;
			buildActionMask = 2147483647;
			files = (
				28AD73880D9D96C1002E5188 /* MainWindow.xib in Resources */,
				4CCEF988101BAE2500EEBB32 /* MapView.xib in Resources */,
				4C573C08103604C5003DF446 /* Localizable.strings in Resources */,
				4C1157101077129300B1B978 /* BusOnMap_highlit.png in Resources */,
				4C1157111077129300B1B978 /* BusOnMap.png in Resources */,
				4C115715107712B700B1B978 /* Reticle.png in Resources */,
				4CF92166109A30D00019F80A /* RouteViewPreferencesView.xib in Resources */,
				4CF927C7109F5C400019F80A /* BusMenuIcon.png in Resources */,
				4CF927D3109F638C0019F80A /* RoutesMenuIcon.png in Resources */,
				4CF927DD109F63EC0019F80A /* SettingsMenuIcon.png in Resources */,
				4C28745D10AD26DF008BE73C /* FavoriteRoutesView.xib in Resources */,
				4C7344D210B0E968004819FC /* TimetablesPageController.xib in Resources */,
				4C50D91A10BB855600FDC305 /* AdvisoriesPageController.xib in Resources */,
				4C50D99610BD01F600FDC305 /* GoBack.png in Resources */,
				4C86964A10C706E8007E7545 /* RouteSettings.png in Resources */,
				4C44B3FD10D03E7900D25947 /* TransitScope.png in Resources */,
			);
			runOnlyForDeploymentPostprocessing = 0;
		};
/* End PBXResourcesBuildPhase section */

/* Begin PBXSourcesBuildPhase section */
		1D60588E0D05DD3D006BFB54 /* Sources */ = {
			isa = PBXSourcesBuildPhase;
			buildActionMask = 2147483647;
			files = (
				1D60589B0D05DD56006BFB54 /* main.m in Sources */,
				4CBE6E191006C152007C26A4 /* SLTAnnotationView.m in Sources */,
				4CBE718F100A4C39007C26A4 /* MapViewController.m in Sources */,
				4CBE7190100A4C39007C26A4 /* SeattleLiveTransitAppDelegate.m in Sources */,
				4CBE71BD100A4EB4007C26A4 /* BusInfoCollector.m in Sources */,
				4C04B49F1020BD53005EE11E /* BusAnnotationView.m in Sources */,
				4CE5929F10220BDC0059C300 /* NSUserDefaults+MKCoordinateRegion.m in Sources */,
				4C573B951035FBC2003DF446 /* BusDetailViewController.m in Sources */,
				4C573D2F10361AF0003DF446 /* RouteDetailController.m in Sources */,
				4C04AB4B103A0603000EE0A3 /* NotificationZoneView.m in Sources */,
				4C6AD69D103E26DD00C40E3F /* Route.m in Sources */,
				4C7587E11086350300521D69 /* SLTMapView.m in Sources */,
				4CF92167109A30D00019F80A /* RouteViewPreferencesViewController.m in Sources */,
				4C28746310AD2772008BE73C /* FavoriteRoutesViewController.m in Sources */,
				4C73411E10AE1A88004819FC /* SoapFunction.m in Sources */,
				4C73411F10AE1A88004819FC /* XPathQuery.m in Sources */,
				4C7344D110B0E968004819FC /* TimetablesPageController.m in Sources */,
				4C7347A110B37504004819FC /* Bus.m in Sources */,
				4C7347C910B378B2004819FC /* Annotation.m in Sources */,
				4C50D91910BB855600FDC305 /* AdvisoriesPageController.m in Sources */,
				4C50D9E710BDBFF200FDC305 /* AgencyPageController.m in Sources */,
				4C44B12910C9C92700D25947 /* Utils.m in Sources */,
			);
			runOnlyForDeploymentPostprocessing = 0;
		};
/* End PBXSourcesBuildPhase section */

/* Begin XCBuildConfiguration section */
		1D6058940D05DD3E006BFB54 /* Debug */ = {
			isa = XCBuildConfiguration;
			buildSettings = {
				ALWAYS_SEARCH_USER_PATHS = NO;
				"CODE_SIGN_IDENTITY[sdk=iphoneos*]" = "iPhone Developer";
				COPY_PHASE_STRIP = NO;
				GCC_DYNAMIC_NO_PIC = NO;
				GCC_OPTIMIZATION_LEVEL = 0;
				GCC_PRECOMPILE_PREFIX_HEADER = YES;
				GCC_PREFIX_HEADER = SeattleLiveTransit_Prefix.pch;
				INFOPLIST_FILE = "SeattleLiveTransit-Info.plist";
				LIBRARY_SEARCH_PATHS = (
					"$(inherited)",
					"\"$(SRCROOT)/../SoapSupportLib/build/Debug-iphonesimulator\"",
				);
				PRODUCT_NAME = TransitScope;
				"PROVISIONING_PROFILE[sdk=iphoneos*]" = "";
			};
			name = Debug;
		};
		1D6058950D05DD3E006BFB54 /* Release */ = {
			isa = XCBuildConfiguration;
			buildSettings = {
				ALWAYS_SEARCH_USER_PATHS = NO;
				COPY_PHASE_STRIP = YES;
				GCC_PRECOMPILE_PREFIX_HEADER = YES;
				GCC_PREFIX_HEADER = SeattleLiveTransit_Prefix.pch;
				INFOPLIST_FILE = "SeattleLiveTransit-Info.plist";
				LIBRARY_SEARCH_PATHS = (
					"$(inherited)",
					"\"$(SRCROOT)/../SoapSupportLib/build/Debug-iphonesimulator\"",
				);
				PRODUCT_NAME = TransitScope;
			};
			name = Release;
		};
		4C3D683A10DD6C6800942675 /* Distribution */ = {
			isa = XCBuildConfiguration;
			buildSettings = {
				ARCHS = "$(ARCHS_STANDARD_32_BIT)";
				"CODE_SIGN_IDENTITY[sdk=iphoneos*]" = "iPhone Distribution";
				GCC_C_LANGUAGE_STANDARD = c99;
				GCC_WARN_ABOUT_RETURN_TYPE = YES;
				GCC_WARN_UNUSED_VARIABLE = YES;
				HEADER_SEARCH_PATHS = (
					"$(SDKROOT)/usr/include/libxml2/",
					"$(SRCROOT)/../../SoapSupportLib/Headers",
				);
				PREBINDING = NO;
				"PROVISIONING_PROFILE[sdk=iphoneos*]" = "";
				SDKROOT = iphoneos3.0;
				SYMROOT = /Users/michael/Projects/build;
			};
			name = Distribution;
		};
		4C3D683B10DD6C6800942675 /* Distribution */ = {
			isa = XCBuildConfiguration;
			buildSettings = {
				ALWAYS_SEARCH_USER_PATHS = NO;
				COPY_PHASE_STRIP = YES;
				GCC_PRECOMPILE_PREFIX_HEADER = YES;
				GCC_PREFIX_HEADER = SeattleLiveTransit_Prefix.pch;
				INFOPLIST_FILE = "SeattleLiveTransit-Info.plist";
				LIBRARY_SEARCH_PATHS = (
					"$(inherited)",
					"\"$(SRCROOT)/../SoapSupportLib/build/Debug-iphonesimulator\"",
				);
				PRODUCT_NAME = TransitScope;
			};
			name = Distribution;
		};
		C01FCF4F08A954540054247B /* Debug */ = {
			isa = XCBuildConfiguration;
			buildSettings = {
				ARCHS = "$(ARCHS_STANDARD_32_BIT)";
				"CODE_SIGN_IDENTITY[sdk=iphoneos*]" = "iPhone Distribution";
				GCC_C_LANGUAGE_STANDARD = c99;
				GCC_WARN_ABOUT_RETURN_TYPE = YES;
				GCC_WARN_UNUSED_VARIABLE = YES;
				HEADER_SEARCH_PATHS = (
					"$(SDKROOT)/usr/include/libxml2/",
					"$(SRCROOT)/../../SoapSupportLib/Headers",
				);
				ONLY_ACTIVE_ARCH = YES;
				PREBINDING = NO;
				"PROVISIONING_PROFILE[sdk=iphoneos*]" = "";
				SDKROOT = iphoneos3.0;
				SYMROOT = /Users/michael/Projects/build;
			};
			name = Debug;
		};
		C01FCF5008A954540054247B /* Release */ = {
			isa = XCBuildConfiguration;
			buildSettings = {
				ARCHS = "$(ARCHS_STANDARD_32_BIT)";
				"CODE_SIGN_IDENTITY[sdk=iphoneos*]" = "iPhone Developer: Michael Rockhold (D2464NT9W8)";
				GCC_C_LANGUAGE_STANDARD = c99;
				GCC_WARN_ABOUT_RETURN_TYPE = YES;
				GCC_WARN_UNUSED_VARIABLE = YES;
				HEADER_SEARCH_PATHS = (
					"$(SDKROOT)/usr/include/libxml2/",
					"$(SRCROOT)/../../SoapSupportLib/Headers",
				);
				PREBINDING = NO;
				"PROVISIONING_PROFILE[sdk=iphoneos*]" = "BF534DE6-3626-42F4-B48B-CC22CE56CC45";
				SDKROOT = iphoneos3.0;
				SYMROOT = /Users/michael/Projects/build;
			};
			name = Release;
		};
/* End XCBuildConfiguration section */

/* Begin XCConfigurationList section */
		1D6058960D05DD3E006BFB54 /* Build configuration list for PBXNativeTarget "TransitScope" */ = {
			isa = XCConfigurationList;
			buildConfigurations = (
				1D6058940D05DD3E006BFB54 /* Debug */,
				1D6058950D05DD3E006BFB54 /* Release */,
				4C3D683B10DD6C6800942675 /* Distribution */,
			);
			defaultConfigurationIsVisible = 0;
			defaultConfigurationName = Release;
		};
		C01FCF4E08A954540054247B /* Build configuration list for PBXProject "SeattleLiveTransit" */ = {
			isa = XCConfigurationList;
			buildConfigurations = (
				C01FCF4F08A954540054247B /* Debug */,
				C01FCF5008A954540054247B /* Release */,
				4C3D683A10DD6C6800942675 /* Distribution */,
			);
			defaultConfigurationIsVisible = 0;
			defaultConfigurationName = Release;
		};
/* End XCConfigurationList section */
	};
	rootObject = 29B97313FDCFA39411CA2CEA /* Project object */;
}
